
Microsoft Visual Studio Solution File, Format Version 12.00
# Visual Studio Version 17
VisualStudioVersion = 17.14.37516.0 d17.14
MinimumVisualStudioVersion = 10.0.40219.1
Project("{FAE04EC0-301F-11D3-BF4B-00C04F79EFBC}") = "ThuVienSo", "ThuVienSo\ThuVienSo.csproj", "{DFEBD5C8-0CBE-4AF9-BBB3-44A00BDC56B6}"
EndProject
Global
	GlobalSection(SolutionConfigurationPlatforms) = preSolution
		Debug|Any CPU = Debug|Any CPU
		Release|Any CPU = Release|Any CPU
	EndGlobalSection
	GlobalSection(ProjectConfigurationPlatforms) = postSolution
		{DFEBD5C8-0CBE-4AF9-BBB3-44A00BDC56B6}.Debug|Any CPU.ActiveCfg = Debug|Any CPU
		{DFEBD5C8-0CBE-4AF9-BBB3-44A00BDC56B6}.Debug|Any CPU.Build.0 = Debug|Any CPU
		{DFEBD5C8-0CBE-4AF9-BBB3-44A00BDC56B6}.Release|Any CPU.ActiveCfg = Release|Any CPU
		{DFEBD5C8-0CBE-4AF9-BBB3-44A00BDC56B6}.Release|Any CPU.Build.0 = Release|Any CPU
	EndGlobalSection
	GlobalSection(SolutionProperties) = preSolution
		HideSolutionNode = FALSE
	EndGlobalSection
	GlobalSection(ExtensibilityGlobals) = postSolution
		SolutionGuid = {744FE7FA-E4F1-40C1-A4BE-8D6BABDB8421}
	EndGlobalSection
EndGlobal
